// !$*UTF8*$!
{
	archiveVersion = 1;
	classes = {
	};
	objectVersion = 60;
	objects = {

/* Begin PBXBuildFile section */
		19268D262C1E07550014E23E /* RecipesApp.swift in Sources */ = {isa = PBXBuildFile; fileRef = 19268D252C1E07550014E23E /* RecipesApp.swift */; };
		19268D2C2C1E07560014E23E /* Assets.xcassets in Resources */ = {isa = PBXBuildFile; fileRef = 19268D2B2C1E07560014E23E /* Assets.xcassets */; };
		19268D2F2C1E07560014E23E /* Preview Assets.xcassets in Resources */ = {isa = PBXBuildFile; fileRef = 19268D2E2C1E07560014E23E /* Preview Assets.xcassets */; };
		19268D392C1E07560014E23E /* RecipesTests.swift in Sources */ = {isa = PBXBuildFile; fileRef = 19268D382C1E07560014E23E /* RecipesTests.swift */; };
		19268D432C1E07560014E23E /* RecipesUITests.swift in Sources */ = {isa = PBXBuildFile; fileRef = 19268D422C1E07560014E23E /* RecipesUITests.swift */; };
		19268D452C1E07560014E23E /* RecipesUITestsLaunchTests.swift in Sources */ = {isa = PBXBuildFile; fileRef = 19268D442C1E07560014E23E /* RecipesUITestsLaunchTests.swift */; };
		19380A7D2C233838001A4AAE /* SearchScreen in Frameworks */ = {isa = PBXBuildFile; productRef = 19380A7C2C233838001A4AAE /* SearchScreen */; };
		19380A7F2C233DB2001A4AAE /* DomainMock in Frameworks */ = {isa = PBXBuildFile; productRef = 19380A7E2C233DB2001A4AAE /* DomainMock */; };
		193AAC222C233FA700E08FBB /* Domain in Frameworks */ = {isa = PBXBuildFile; productRef = 193AAC212C233FA700E08FBB /* Domain */; };
		1951EF202C23922100BD3A16 /* Networking in Frameworks */ = {isa = PBXBuildFile; productRef = 1951EF1F2C23922100BD3A16 /* Networking */; };
		1951EF222C23922800BD3A16 /* Data in Frameworks */ = {isa = PBXBuildFile; productRef = 1951EF212C23922800BD3A16 /* Data */; };
/* End PBXBuildFile section */

/* Begin PBXContainerItemProxy section */
		19268D352C1E07560014E23E /* PBXContainerItemProxy */ = {
			isa = PBXContainerItemProxy;
			containerPortal = 19268D1A2C1E07550014E23E /* Project object */;
			proxyType = 1;
			remoteGlobalIDString = 19268D212C1E07550014E23E;
			remoteInfo = LudushRecipes;
		};
		19268D3F2C1E07560014E23E /* PBXContainerItemProxy */ = {
			isa = PBXContainerItemProxy;
			containerPortal = 19268D1A2C1E07550014E23E /* Project object */;
			proxyType = 1;
			remoteGlobalIDString = 19268D212C1E07550014E23E;
			remoteInfo = LudushRecipes;
		};
/* End PBXContainerItemProxy section */

/* Begin PBXFileReference section */
		19268D222C1E07550014E23E /* Recipes.app */ = {isa = PBXFileReference; explicitFileType = wrapper.application; includeInIndex = 0; path = Recipes.app; sourceTree = BUILT_PRODUCTS_DIR; };
		19268D252C1E07550014E23E /* RecipesApp.swift */ = {isa = PBXFileReference; lastKnownFileType = sourcecode.swift; path = RecipesApp.swift; sourceTree = "<group>"; };
		19268D2B2C1E07560014E23E /* Assets.xcassets */ = {isa = PBXFileReference; lastKnownFileType = folder.assetcatalog; path = Assets.xcassets; sourceTree = "<group>"; };
		19268D2E2C1E07560014E23E /* Preview Assets.xcassets */ = {isa = PBXFileReference; lastKnownFileType = folder.assetcatalog; path = "Preview Assets.xcassets"; sourceTree = "<group>"; };
		19268D342C1E07560014E23E /* RecipesTests.xctest */ = {isa = PBXFileReference; explicitFileType = wrapper.cfbundle; includeInIndex = 0; path = RecipesTests.xctest; sourceTree = BUILT_PRODUCTS_DIR; };
		19268D382C1E07560014E23E /* RecipesTests.swift */ = {isa = PBXFileReference; lastKnownFileType = sourcecode.swift; path = RecipesTests.swift; sourceTree = "<group>"; };
		19268D3E2C1E07560014E23E /* RecipesUITests.xctest */ = {isa = PBXFileReference; explicitFileType = wrapper.cfbundle; includeInIndex = 0; path = RecipesUITests.xctest; sourceTree = BUILT_PRODUCTS_DIR; };
		19268D422C1E07560014E23E /* RecipesUITests.swift */ = {isa = PBXFileReference; lastKnownFileType = sourcecode.swift; path = RecipesUITests.swift; sourceTree = "<group>"; };
		19268D442C1E07560014E23E /* RecipesUITestsLaunchTests.swift */ = {isa = PBXFileReference; lastKnownFileType = sourcecode.swift; path = RecipesUITestsLaunchTests.swift; sourceTree = "<group>"; };
		193AAC232C234D5900E08FBB /* Submoduls */ = {isa = PBXFileReference; lastKnownFileType = wrapper; path = Submoduls; sourceTree = "<group>"; };
/* End PBXFileReference section */

/* Begin PBXFrameworksBuildPhase section */
		19268D1F2C1E07550014E23E /* Frameworks */ = {
			isa = PBXFrameworksBuildPhase;
			buildActionMask = 2147483647;
			files = (
				19380A7D2C233838001A4AAE /* SearchScreen in Frameworks */,
				193AAC222C233FA700E08FBB /* Domain in Frameworks */,
				1951EF222C23922800BD3A16 /* Data in Frameworks */,
				1951EF202C23922100BD3A16 /* Networking in Frameworks */,
				19380A7F2C233DB2001A4AAE /* DomainMock in Frameworks */,
			);
			runOnlyForDeploymentPostprocessing = 0;
		};
		19268D312C1E07560014E23E /* Frameworks */ = {
			isa = PBXFrameworksBuildPhase;
			buildActionMask = 2147483647;
			files = (
			);
			runOnlyForDeploymentPostprocessing = 0;
		};
		19268D3B2C1E07560014E23E /* Frameworks */ = {
			isa = PBXFrameworksBuildPhase;
			buildActionMask = 2147483647;
			files = (
			);
			runOnlyForDeploymentPostprocessing = 0;
		};
/* End PBXFrameworksBuildPhase section */

/* Begin PBXGroup section */
		19268D192C1E07550014E23E = {
			isa = PBXGroup;
			children = (
				193AAC232C234D5900E08FBB /* Submoduls */,
				19268D242C1E07550014E23E /* Recipes */,
				19268D372C1E07560014E23E /* RecipesTests */,
				19268D412C1E07560014E23E /* RecipesUITests */,
				19268D232C1E07550014E23E /* Products */,
				198761832C22E48600565BB0 /* Frameworks */,
			);
			sourceTree = "<group>";
		};
		19268D232C1E07550014E23E /* Products */ = {
			isa = PBXGroup;
			children = (
				19268D222C1E07550014E23E /* Recipes.app */,
				19268D342C1E07560014E23E /* RecipesTests.xctest */,
				19268D3E2C1E07560014E23E /* RecipesUITests.xctest */,
			);
			name = Products;
			sourceTree = "<group>";
		};
		19268D242C1E07550014E23E /* Recipes */ = {
			isa = PBXGroup;
			children = (
				1938879C2C1E170F00CF2029 /* Application */,
				19268D2B2C1E07560014E23E /* Assets.xcassets */,
				19268D2D2C1E07560014E23E /* Preview Content */,
			);
			path = Recipes;
			sourceTree = "<group>";
		};
		19268D2D2C1E07560014E23E /* Preview Content */ = {
			isa = PBXGroup;
			children = (
				19268D2E2C1E07560014E23E /* Preview Assets.xcassets */,
			);
			path = "Preview Content";
			sourceTree = "<group>";
		};
		19268D372C1E07560014E23E /* RecipesTests */ = {
			isa = PBXGroup;
			children = (
				19268D382C1E07560014E23E /* RecipesTests.swift */,
			);
			path = RecipesTests;
			sourceTree = "<group>";
		};
		19268D412C1E07560014E23E /* RecipesUITests */ = {
			isa = PBXGroup;
			children = (
				19268D422C1E07560014E23E /* RecipesUITests.swift */,
				19268D442C1E07560014E23E /* RecipesUITestsLaunchTests.swift */,
			);
			path = RecipesUITests;
			sourceTree = "<group>";
		};
		1938879C2C1E170F00CF2029 /* Application */ = {
			isa = PBXGroup;
			children = (
				19268D252C1E07550014E23E /* RecipesApp.swift */,
			);
			path = Application;
			sourceTree = "<group>";
		};
		198761832C22E48600565BB0 /* Frameworks */ = {
			isa = PBXGroup;
			children = (
			);
			name = Frameworks;
			sourceTree = "<group>";
		};
/* End PBXGroup section */

/* Begin PBXNativeTarget section */
		19268D212C1E07550014E23E /* Recipes */ = {
			isa = PBXNativeTarget;
			buildConfigurationList = 19268D482C1E07560014E23E /* Build configuration list for PBXNativeTarget "Recipes" */;
			buildPhases = (
				19268D1E2C1E07550014E23E /* Sources */,
				19268D1F2C1E07550014E23E /* Frameworks */,
				19268D202C1E07550014E23E /* Resources */,
			);
			buildRules = (
			);
			dependencies = (
			);
			name = Recipes;
			packageProductDependencies = (
				19380A7C2C233838001A4AAE /* SearchScreen */,
				19380A7E2C233DB2001A4AAE /* DomainMock */,
				193AAC212C233FA700E08FBB /* Domain */,
				1951EF1F2C23922100BD3A16 /* Networking */,
				1951EF212C23922800BD3A16 /* Data */,
			);
			productName = LudushRecipes;
			productReference = 19268D222C1E07550014E23E /* Recipes.app */;
			productType = "com.apple.product-type.application";
		};
		19268D332C1E07560014E23E /* RecipesTests */ = {
			isa = PBXNativeTarget;
			buildConfigurationList = 19268D4B2C1E07560014E23E /* Build configuration list for PBXNativeTarget "RecipesTests" */;
			buildPhases = (
				19268D302C1E07560014E23E /* Sources */,
				19268D312C1E07560014E23E /* Frameworks */,
				19268D322C1E07560014E23E /* Resources */,
			);
			buildRules = (
			);
			dependencies = (
				19268D362C1E07560014E23E /* PBXTargetDependency */,
			);
			name = RecipesTests;
			productName = LudushRecipesTests;
			productReference = 19268D342C1E07560014E23E /* RecipesTests.xctest */;
			productType = "com.apple.product-type.bundle.unit-test";
		};
		19268D3D2C1E07560014E23E /* RecipesUITests */ = {
			isa = PBXNativeTarget;
			buildConfigurationList = 19268D4E2C1E07560014E23E /* Build configuration list for PBXNativeTarget "RecipesUITests" */;
			buildPhases = (
				19268D3A2C1E07560014E23E /* Sources */,
				19268D3B2C1E07560014E23E /* Frameworks */,
				19268D3C2C1E07560014E23E /* Resources */,
			);
			buildRules = (
			);
			dependencies = (
				19268D402C1E07560014E23E /* PBXTargetDependency */,
			);
			name = RecipesUITests;
			productName = LudushRecipesUITests;
			productReference = 19268D3E2C1E07560014E23E /* RecipesUITests.xctest */;
			productType = "com.apple.product-type.bundle.ui-testing";
		};
/* End PBXNativeTarget section */

/* Begin PBXProject section */
		19268D1A2C1E07550014E23E /* Project object */ = {
			isa = PBXProject;
			attributes = {
				BuildIndependentTargetsInParallel = 1;
				LastSwiftUpdateCheck = 1600;
				LastUpgradeCheck = 1600;
				TargetAttributes = {
					19268D212C1E07550014E23E = {
						CreatedOnToolsVersion = 16.0;
					};
					19268D332C1E07560014E23E = {
						CreatedOnToolsVersion = 16.0;
						TestTargetID = 19268D212C1E07550014E23E;
					};
					19268D3D2C1E07560014E23E = {
						CreatedOnToolsVersion = 16.0;
						TestTargetID = 19268D212C1E07550014E23E;
					};
				};
			};
			buildConfigurationList = 19268D1D2C1E07550014E23E /* Build configuration list for PBXProject "Recipes" */;
			compatibilityVersion = "Xcode 15.0";
			developmentRegion = en;
			hasScannedForEncodings = 0;
			knownRegions = (
				en,
				Base,
			);
			mainGroup = 19268D192C1E07550014E23E;
			packageReferences = (
				193887992C1E16D200CF2029 /* XCRemoteSwiftPackageReference "Alamofire" */,
			);
			productRefGroup = 19268D232C1E07550014E23E /* Products */;
			projectDirPath = "";
			projectRoot = "";
			targets = (
				19268D212C1E07550014E23E /* Recipes */,
				19268D332C1E07560014E23E /* RecipesTests */,
				19268D3D2C1E07560014E23E /* RecipesUITests */,
			);
		};
/* End PBXProject section */

/* Begin PBXResourcesBuildPhase section */
		19268D202C1E07550014E23E /* Resources */ = {
			isa = PBXResourcesBuildPhase;
			buildActionMask = 2147483647;
			files = (
				19268D2F2C1E07560014E23E /* Preview Assets.xcassets in Resources */,
				19268D2C2C1E07560014E23E /* Assets.xcassets in Resources */,
			);
			runOnlyForDeploymentPostprocessing = 0;
		};
		19268D322C1E07560014E23E /* Resources */ = {
			isa = PBXResourcesBuildPhase;
			buildActionMask = 2147483647;
			files = (
			);
			runOnlyForDeploymentPostprocessing = 0;
		};
		19268D3C2C1E07560014E23E /* Resources */ = {
			isa = PBXResourcesBuildPhase;
			buildActionMask = 2147483647;
			files = (
			);
			runOnlyForDeploymentPostprocessing = 0;
		};
/* End PBXResourcesBuildPhase section */

/* Begin PBXSourcesBuildPhase section */
		19268D1E2C1E07550014E23E /* Sources */ = {
			isa = PBXSourcesBuildPhase;
			buildActionMask = 2147483647;
			files = (
				19268D262C1E07550014E23E /* RecipesApp.swift in Sources */,
			);
			runOnlyForDeploymentPostprocessing = 0;
		};
		19268D302C1E07560014E23E /* Sources */ = {
			isa = PBXSourcesBuildPhase;
			buildActionMask = 2147483647;
			files = (
				19268D392C1E07560014E23E /* RecipesTests.swift in Sources */,
			);
			runOnlyForDeploymentPostprocessing = 0;
		};
		19268D3A2C1E07560014E23E /* Sources */ = {
			isa = PBXSourcesBuildPhase;
			buildActionMask = 2147483647;
			files = (
				19268D432C1E07560014E23E /* RecipesUITests.swift in Sources */,
				19268D452C1E07560014E23E /* RecipesUITestsLaunchTests.swift in Sources */,
			);
			runOnlyForDeploymentPostprocessing = 0;
		};
/* End PBXSourcesBuildPhase section */

/* Begin PBXTargetDependency section */
		19268D362C1E07560014E23E /* PBXTargetDependency */ = {
			isa = PBXTargetDependency;
			target = 19268D212C1E07550014E23E /* Recipes */;
			targetProxy = 19268D352C1E07560014E23E /* PBXContainerItemProxy */;
		};
		19268D402C1E07560014E23E /* PBXTargetDependency */ = {
			isa = PBXTargetDependency;
			target = 19268D212C1E07550014E23E /* Recipes */;
			targetProxy = 19268D3F2C1E07560014E23E /* PBXContainerItemProxy */;
		};
/* End PBXTargetDependency section */

/* Begin XCBuildConfiguration section */
		19268D462C1E07560014E23E /* Debug */ = {
			isa = XCBuildConfiguration;
			buildSettings = {
				ALWAYS_SEARCH_USER_PATHS = NO;
				ASSETCATALOG_COMPILER_GENERATE_SWIFT_ASSET_SYMBOL_EXTENSIONS = YES;
				CLANG_ANALYZER_NONNULL = YES;
				CLANG_ANALYZER_NUMBER_OBJECT_CONVERSION = YES_AGGRESSIVE;
				CLANG_CXX_LANGUAGE_STANDARD = "gnu++20";
				CLANG_ENABLE_MODULES = YES;
				CLANG_ENABLE_OBJC_ARC = YES;
				CLANG_ENABLE_OBJC_WEAK = YES;
				CLANG_WARN_BLOCK_CAPTURE_AUTORELEASING = YES;
				CLANG_WARN_BOOL_CONVERSION = YES;
				CLANG_WARN_COMMA = YES;
				CLANG_WARN_CONSTANT_CONVERSION = YES;
				CLANG_WARN_DEPRECATED_OBJC_IMPLEMENTATIONS = YES;
				CLANG_WARN_DIRECT_OBJC_ISA_USAGE = YES_ERROR;
				CLANG_WARN_DOCUMENTATION_COMMENTS = YES;
				CLANG_WARN_EMPTY_BODY = YES;
				CLANG_WARN_ENUM_CONVERSION = YES;
				CLANG_WARN_INFINITE_RECURSION = YES;
				CLANG_WARN_INT_CONVERSION = YES;
				CLANG_WARN_NON_LITERAL_NULL_CONVERSION = YES;
				CLANG_WARN_OBJC_IMPLICIT_RETAIN_SELF = YES;
				CLANG_WARN_OBJC_LITERAL_CONVERSION = YES;
				CLANG_WARN_OBJC_ROOT_CLASS = YES_ERROR;
				CLANG_WARN_QUOTED_INCLUDE_IN_FRAMEWORK_HEADER = YES;
				CLANG_WARN_RANGE_LOOP_ANALYSIS = YES;
				CLANG_WARN_STRICT_PROTOTYPES = YES;
				CLANG_WARN_SUSPICIOUS_MOVE = YES;
				CLANG_WARN_UNGUARDED_AVAILABILITY = YES_AGGRESSIVE;
				CLANG_WARN_UNREACHABLE_CODE = YES;
				CLANG_WARN__DUPLICATE_METHOD_MATCH = YES;
				COPY_PHASE_STRIP = NO;
				DEBUG_INFORMATION_FORMAT = dwarf;
				ENABLE_STRICT_OBJC_MSGSEND = YES;
				ENABLE_TESTABILITY = YES;
				ENABLE_USER_SCRIPT_SANDBOXING = YES;
				GCC_C_LANGUAGE_STANDARD = gnu17;
				GCC_DYNAMIC_NO_PIC = NO;
				GCC_NO_COMMON_BLOCKS = YES;
				GCC_OPTIMIZATION_LEVEL = 0;
				GCC_PREPROCESSOR_DEFINITIONS = (
					"DEBUG=1",
					"$(inherited)",
				);
				GCC_WARN_64_TO_32_BIT_CONVERSION = YES;
				GCC_WARN_ABOUT_RETURN_TYPE = YES_ERROR;
				GCC_WARN_UNDECLARED_SELECTOR = YES;
				GCC_WARN_UNINITIALIZED_AUTOS = YES_AGGRESSIVE;
				GCC_WARN_UNUSED_FUNCTION = YES;
				GCC_WARN_UNUSED_VARIABLE = YES;
				IPHONEOS_DEPLOYMENT_TARGET = 18.0;
				LOCALIZATION_PREFERS_STRING_CATALOGS = YES;
				MTL_ENABLE_DEBUG_INFO = INCLUDE_SOURCE;
				MTL_FAST_MATH = YES;
				ONLY_ACTIVE_ARCH = YES;
				SDKROOT = iphoneos;
				SWIFT_ACTIVE_COMPILATION_CONDITIONS = "DEBUG $(inherited)";
				SWIFT_OPTIMIZATION_LEVEL = "-Onone";
			};
			name = Debug;
		};
		19268D472C1E07560014E23E /* Release */ = {
			isa = XCBuildConfiguration;
			buildSettings = {
				ALWAYS_SEARCH_USER_PATHS = NO;
				ASSETCATALOG_COMPILER_GENERATE_SWIFT_ASSET_SYMBOL_EXTENSIONS = YES;
				CLANG_ANALYZER_NONNULL = YES;
				CLANG_ANALYZER_NUMBER_OBJECT_CONVERSION = YES_AGGRESSIVE;
				CLANG_CXX_LANGUAGE_STANDARD = "gnu++20";
				CLANG_ENABLE_MODULES = YES;
				CLANG_ENABLE_OBJC_ARC = YES;
				CLANG_ENABLE_OBJC_WEAK = YES;
				CLANG_WARN_BLOCK_CAPTURE_AUTORELEASING = YES;
				CLANG_WARN_BOOL_CONVERSION = YES;
				CLANG_WARN_COMMA = YES;
				CLANG_WARN_CONSTANT_CONVERSION = YES;
				CLANG_WARN_DEPRECATED_OBJC_IMPLEMENTATIONS = YES;
				CLANG_WARN_DIRECT_OBJC_ISA_USAGE = YES_ERROR;
				CLANG_WARN_DOCUMENTATION_COMMENTS = YES;
				CLANG_WARN_EMPTY_BODY = YES;
				CLANG_WARN_ENUM_CONVERSION = YES;
				CLANG_WARN_INFINITE_RECURSION = YES;
				CLANG_WARN_INT_CONVERSION = YES;
				CLANG_WARN_NON_LITERAL_NULL_CONVERSION = YES;
				CLANG_WARN_OBJC_IMPLICIT_RETAIN_SELF = YES;
				CLANG_WARN_OBJC_LITERAL_CONVERSION = YES;
				CLANG_WARN_OBJC_ROOT_CLASS = YES_ERROR;
				CLANG_WARN_QUOTED_INCLUDE_IN_FRAMEWORK_HEADER = YES;
				CLANG_WARN_RANGE_LOOP_ANALYSIS = YES;
				CLANG_WARN_STRICT_PROTOTYPES = YES;
				CLANG_WARN_SUSPICIOUS_MOVE = YES;
				CLANG_WARN_UNGUARDED_AVAILABILITY = YES_AGGRESSIVE;
				CLANG_WARN_UNREACHABLE_CODE = YES;
				CLANG_WARN__DUPLICATE_METHOD_MATCH = YES;
				COPY_PHASE_STRIP = NO;
				DEBUG_INFORMATION_FORMAT = "dwarf-with-dsym";
				ENABLE_NS_ASSERTIONS = NO;
				ENABLE_STRICT_OBJC_MSGSEND = YES;
				ENABLE_USER_SCRIPT_SANDBOXING = YES;
				GCC_C_LANGUAGE_STANDARD = gnu17;
				GCC_NO_COMMON_BLOCKS = YES;
				GCC_WARN_64_TO_32_BIT_CONVERSION = YES;
				GCC_WARN_ABOUT_RETURN_TYPE = YES_ERROR;
				GCC_WARN_UNDECLARED_SELECTOR = YES;
				GCC_WARN_UNINITIALIZED_AUTOS = YES_AGGRESSIVE;
				GCC_WARN_UNUSED_FUNCTION = YES;
				GCC_WARN_UNUSED_VARIABLE = YES;
				IPHONEOS_DEPLOYMENT_TARGET = 18.0;
				LOCALIZATION_PREFERS_STRING_CATALOGS = YES;
				MTL_ENABLE_DEBUG_INFO = NO;
				MTL_FAST_MATH = YES;
				SDKROOT = iphoneos;
				SWIFT_COMPILATION_MODE = wholemodule;
				VALIDATE_PRODUCT = YES;
			};
			name = Release;
		};
		19268D492C1E07560014E23E /* Debug */ = {
			isa = XCBuildConfiguration;
			buildSettings = {
				ASSETCATALOG_COMPILER_APPICON_NAME = AppIcon;
				ASSETCATALOG_COMPILER_GLOBAL_ACCENT_COLOR_NAME = AccentColor;
				CODE_SIGN_STYLE = Automatic;
				CURRENT_PROJECT_VERSION = 1;
				DEVELOPMENT_ASSET_PATHS = "\"Recipes/Preview Content\"";
				DEVELOPMENT_TEAM = Z77WM6M6K5;
				ENABLE_PREVIEWS = YES;
				GENERATE_INFOPLIST_FILE = YES;
				INFOPLIST_KEY_UIApplicationSceneManifest_Generation = YES;
				INFOPLIST_KEY_UIApplicationSupportsIndirectInputEvents = YES;
				INFOPLIST_KEY_UILaunchScreen_Generation = YES;
				INFOPLIST_KEY_UISupportedInterfaceOrientations_iPad = "UIInterfaceOrientationPortrait UIInterfaceOrientationPortraitUpsideDown UIInterfaceOrientationLandscapeLeft UIInterfaceOrientationLandscapeRight";
				INFOPLIST_KEY_UISupportedInterfaceOrientations_iPhone = "UIInterfaceOrientationPortrait UIInterfaceOrientationLandscapeLeft UIInterfaceOrientationLandscapeRight";
				LD_RUNPATH_SEARCH_PATHS = (
					"$(inherited)",
					"@executable_path/Frameworks",
				);
				MARKETING_VERSION = 1.0;
				PRODUCT_BUNDLE_IDENTIFIER = com.LudaFux.LudushRecipes;
				PRODUCT_NAME = "$(TARGET_NAME)";
				SUPPORTED_PLATFORMS = "iphoneos iphonesimulator";
				SUPPORTS_MACCATALYST = NO;
				SUPPORTS_MAC_DESIGNED_FOR_IPHONE_IPAD = NO;
				SUPPORTS_XR_DESIGNED_FOR_IPHONE_IPAD = NO;
				SWIFT_EMIT_LOC_STRINGS = YES;
				SWIFT_VERSION = 5.0;
				TARGETED_DEVICE_FAMILY = 1;
			};
			name = Debug;
		};
		19268D4A2C1E07560014E23E /* Release */ = {
			isa = XCBuildConfiguration;
			buildSettings = {
				ASSETCATALOG_COMPILER_APPICON_NAME = AppIcon;
				ASSETCATALOG_COMPILER_GLOBAL_ACCENT_COLOR_NAME = AccentColor;
				CODE_SIGN_STYLE = Automatic;
				CURRENT_PROJECT_VERSION = 1;
				DEVELOPMENT_ASSET_PATHS = "\"Recipes/Preview Content\"";
				DEVELOPMENT_TEAM = Z77WM6M6K5;
				ENABLE_PREVIEWS = YES;
				GENERATE_INFOPLIST_FILE = YES;
				INFOPLIST_KEY_UIApplicationSceneManifest_Generation = YES;
				INFOPLIST_KEY_UIApplicationSupportsIndirectInputEvents = YES;
				INFOPLIST_KEY_UILaunchScreen_Generation = YES;
				INFOPLIST_KEY_UISupportedInterfaceOrientations_iPad = "UIInterfaceOrientationPortrait UIInterfaceOrientationPortraitUpsideDown UIInterfaceOrientationLandscapeLeft UIInterfaceOrientationLandscapeRight";
				INFOPLIST_KEY_UISupportedInterfaceOrientations_iPhone = "UIInterfaceOrientationPortrait UIInterfaceOrientationLandscapeLeft UIInterfaceOrientationLandscapeRight";
				LD_RUNPATH_SEARCH_PATHS = (
					"$(inherited)",
					"@executable_path/Frameworks",
				);
				MARKETING_VERSION = 1.0;
				PRODUCT_BUNDLE_IDENTIFIER = com.LudaFux.LudushRecipes;
				PRODUCT_NAME = "$(TARGET_NAME)";
				SUPPORTED_PLATFORMS = "iphoneos iphonesimulator";
				SUPPORTS_MACCATALYST = NO;
				SUPPORTS_MAC_DESIGNED_FOR_IPHONE_IPAD = NO;
				SUPPORTS_XR_DESIGNED_FOR_IPHONE_IPAD = NO;
				SWIFT_EMIT_LOC_STRINGS = YES;
				SWIFT_VERSION = 5.0;
				TARGETED_DEVICE_FAMILY = 1;
			};
			name = Release;
		};
		19268D4C2C1E07560014E23E /* Debug */ = {
			isa = XCBuildConfiguration;
			buildSettings = {
				BUNDLE_LOADER = "$(TEST_HOST)";
				CODE_SIGN_STYLE = Automatic;
				CURRENT_PROJECT_VERSION = 1;
				DEVELOPMENT_TEAM = Z77WM6M6K5;
				GENERATE_INFOPLIST_FILE = YES;
				IPHONEOS_DEPLOYMENT_TARGET = 18.0;
				MARKETING_VERSION = 1.0;
				PRODUCT_BUNDLE_IDENTIFIER = com.LudaFux.LudushRecipesTests;
				PRODUCT_NAME = "$(TARGET_NAME)";
				SWIFT_EMIT_LOC_STRINGS = NO;
				SWIFT_VERSION = 5.0;
				TARGETED_DEVICE_FAMILY = "1,2";
				TEST_HOST = "$(BUILT_PRODUCTS_DIR)/LudushRecipes.app/$(BUNDLE_EXECUTABLE_FOLDER_PATH)/LudushRecipes";
			};
			name = Debug;
		};
		19268D4D2C1E07560014E23E /* Release */ = {
			isa = XCBuildConfiguration;
			buildSettings = {
				BUNDLE_LOADER = "$(TEST_HOST)";
				CODE_SIGN_STYLE = Automatic;
				CURRENT_PROJECT_VERSION = 1;
				DEVELOPMENT_TEAM = Z77WM6M6K5;
				GENERATE_INFOPLIST_FILE = YES;
				IPHONEOS_DEPLOYMENT_TARGET = 18.0;
				MARKETING_VERSION = 1.0;
				PRODUCT_BUNDLE_IDENTIFIER = com.LudaFux.LudushRecipesTests;
				PRODUCT_NAME = "$(TARGET_NAME)";
				SWIFT_EMIT_LOC_STRINGS = NO;
				SWIFT_VERSION = 5.0;
				TARGETED_DEVICE_FAMILY = "1,2";
				TEST_HOST = "$(BUILT_PRODUCTS_DIR)/LudushRecipes.app/$(BUNDLE_EXECUTABLE_FOLDER_PATH)/LudushRecipes";
			};
			name = Release;
		};
		19268D4F2C1E07560014E23E /* Debug */ = {
			isa = XCBuildConfiguration;
			buildSettings = {
				CODE_SIGN_STYLE = Automatic;
				CURRENT_PROJECT_VERSION = 1;
				DEVELOPMENT_TEAM = Z77WM6M6K5;
				GENERATE_INFOPLIST_FILE = YES;
				MARKETING_VERSION = 1.0;
				PRODUCT_BUNDLE_IDENTIFIER = com.LudaFux.LudushRecipesUITests;
				PRODUCT_NAME = "$(TARGET_NAME)";
				SWIFT_EMIT_LOC_STRINGS = NO;
				SWIFT_VERSION = 5.0;
				TARGETED_DEVICE_FAMILY = "1,2";
				TEST_TARGET_NAME = LudushRecipes;
			};
			name = Debug;
		};
		19268D502C1E07560014E23E /* Release */ = {
			isa = XCBuildConfiguration;
			buildSettings = {
				CODE_SIGN_STYLE = Automatic;
				CURRENT_PROJECT_VERSION = 1;
				DEVELOPMENT_TEAM = Z77WM6M6K5;
				GENERATE_INFOPLIST_FILE = YES;
				MARKETING_VERSION = 1.0;
				PRODUCT_BUNDLE_IDENTIFIER = com.LudaFux.LudushRecipesUITests;
				PRODUCT_NAME = "$(TARGET_NAME)";
				SWIFT_EMIT_LOC_STRINGS = NO;
				SWIFT_VERSION = 5.0;
				TARGETED_DEVICE_FAMILY = "1,2";
				TEST_TARGET_NAME = LudushRecipes;
			};
			name = Release;
		};
/* End XCBuildConfiguration section */

/* Begin XCConfigurationList section */
		19268D1D2C1E07550014E23E /* Build configuration list for PBXProject "Recipes" */ = {
			isa = XCConfigurationList;
			buildConfigurations = (
				19268D462C1E07560014E23E /* Debug */,
				19268D472C1E07560014E23E /* Release */,
			);
			defaultConfigurationIsVisible = 0;
			defaultConfigurationName = Release;
		};
		19268D482C1E07560014E23E /* Build configuration list for PBXNativeTarget "Recipes" */ = {
			isa = XCConfigurationList;
			buildConfigurations = (
				19268D492C1E07560014E23E /* Debug */,
				19268D4A2C1E07560014E23E /* Release */,
			);
			defaultConfigurationIsVisible = 0;
			defaultConfigurationName = Release;
		};
		19268D4B2C1E07560014E23E /* Build configuration list for PBXNativeTarget "RecipesTests" */ = {
			isa = XCConfigurationList;
			buildConfigurations = (
				19268D4C2C1E07560014E23E /* Debug */,
				19268D4D2C1E07560014E23E /* Release */,
			);
			defaultConfigurationIsVisible = 0;
			defaultConfigurationName = Release;
		};
		19268D4E2C1E07560014E23E /* Build configuration list for PBXNativeTarget "RecipesUITests" */ = {
			isa = XCConfigurationList;
			buildConfigurations = (
				19268D4F2C1E07560014E23E /* Debug */,
				19268D502C1E07560014E23E /* Release */,
			);
			defaultConfigurationIsVisible = 0;
			defaultConfigurationName = Release;
		};
/* End XCConfigurationList section */

/* Begin XCRemoteSwiftPackageReference section */
		193887992C1E16D200CF2029 /* XCRemoteSwiftPackageReference "Alamofire" */ = {
			isa = XCRemoteSwiftPackageReference;
			repositoryURL = "https://github.com/Alamofire/Alamofire";
			requirement = {
				kind = upToNextMajorVersion;
				minimumVersion = 5.9.1;
			};
		};
/* End XCRemoteSwiftPackageReference section */

/* Begin XCSwiftPackageProductDependency section */
		19380A7C2C233838001A4AAE /* SearchScreen */ = {
			isa = XCSwiftPackageProductDependency;
			productName = SearchScreen;
		};
		19380A7E2C233DB2001A4AAE /* DomainMock */ = {
			isa = XCSwiftPackageProductDependency;
			productName = DomainMock;
		};
		193AAC212C233FA700E08FBB /* Domain */ = {
			isa = XCSwiftPackageProductDependency;
			productName = Domain;
		};
		1951EF1F2C23922100BD3A16 /* Networking */ = {
			isa = XCSwiftPackageProductDependency;
			productName = Networking;
		};
		1951EF212C23922800BD3A16 /* Data */ = {
			isa = XCSwiftPackageProductDependency;
			productName = Data;
		};
/* End XCSwiftPackageProductDependency section */
	};
	rootObject = 19268D1A2C1E07550014E23E /* Project object */;
}
