{
  "originHash" : "38d6990312e211e3004a8a980cbffd977611aaaf9d432af05f9437792d8ff036",
  "pins" : [
    {
      "identity" : "alamofire",
      "kind" : "remoteSourceControl",
      "location" : "https://github.com/Alamofire/Alamofire",
      "state" : {
        "revision" : "f455c2975872ccd2d9c81594c658af65716e9b9a",
        "version" : "5.9.1"
      }
    }
  ],
  "version" : 3
}
