// !$*UTF8*$!
{
	archiveVersion = 1;
	classes = {
	};
	objectVersion = 60;
	objects = {

/* Begin PBXBuildFile section */
		19268D262C1E07550014E23E /* LudushRecipesApp.swift in Sources */ = {isa = PBXBuildFile; fileRef = 19268D252C1E07550014E23E /* LudushRecipesApp.swift */; };
		19268D2C2C1E07560014E23E /* Assets.xcassets in Resources */ = {isa = PBXBuildFile; fileRef = 19268D2B2C1E07560014E23E /* Assets.xcassets */; };
		19268D2F2C1E07560014E23E /* Preview Assets.xcassets in Resources */ = {isa = PBXBuildFile; fileRef = 19268D2E2C1E07560014E23E /* Preview Assets.xcassets */; };
		19268D392C1E07560014E23E /* LudushRecipesTests.swift in Sources */ = {isa = PBXBuildFile; fileRef = 19268D382C1E07560014E23E /* LudushRecipesTests.swift */; };
		19268D432C1E07560014E23E /* LudushRecipesUITests.swift in Sources */ = {isa = PBXBuildFile; fileRef = 19268D422C1E07560014E23E /* LudushRecipesUITests.swift */; };
		19268D452C1E07560014E23E /* LudushRecipesUITestsLaunchTests.swift in Sources */ = {isa = PBXBuildFile; fileRef = 19268D442C1E07560014E23E /* LudushRecipesUITestsLaunchTests.swift */; };
		193887922C1E163300CF2029 /* NetworkHost.swift in Sources */ = {isa = PBXBuildFile; fileRef = 1938878D2C1E163300CF2029 /* NetworkHost.swift */; };
		193887932C1E163300CF2029 /* QueryParameter.swift in Sources */ = {isa = PBXBuildFile; fileRef = 1938878F2C1E163300CF2029 /* QueryParameter.swift */; };
		193887942C1E163300CF2029 /* NetworkError.swift in Sources */ = {isa = PBXBuildFile; fileRef = 1938878C2C1E163300CF2029 /* NetworkError.swift */; };
		193887952C1E163300CF2029 /* HTTPMethod.swift in Sources */ = {isa = PBXBuildFile; fileRef = 1938878B2C1E163300CF2029 /* HTTPMethod.swift */; };
		193887962C1E163300CF2029 /* EndPoints.swift in Sources */ = {isa = PBXBuildFile; fileRef = 1938878A2C1E163300CF2029 /* EndPoints.swift */; };
		193887972C1E163300CF2029 /* QueryValue.swift in Sources */ = {isa = PBXBuildFile; fileRef = 193887902C1E163300CF2029 /* QueryValue.swift */; };
		193887982C1E163300CF2029 /* NetworkScheme.swift in Sources */ = {isa = PBXBuildFile; fileRef = 1938878E2C1E163300CF2029 /* NetworkScheme.swift */; };
		1938879B2C1E16D200CF2029 /* Alamofire in Frameworks */ = {isa = PBXBuildFile; productRef = 1938879A2C1E16D200CF2029 /* Alamofire */; };
		1938879F2C1E183D00CF2029 /* Recipe.swift in Sources */ = {isa = PBXBuildFile; fileRef = 1938879E2C1E183900CF2029 /* Recipe.swift */; };
		193887A12C1E18DF00CF2029 /* AnalyzedInstruction.swift in Sources */ = {isa = PBXBuildFile; fileRef = 193887A02C1E18DB00CF2029 /* AnalyzedInstruction.swift */; };
		193887A42C1E194A00CF2029 /* Nutrition.swift in Sources */ = {isa = PBXBuildFile; fileRef = 193887A32C1E194A00CF2029 /* Nutrition.swift */; };
		193887A62C1E197A00CF2029 /* Step.swift in Sources */ = {isa = PBXBuildFile; fileRef = 193887A52C1E197A00CF2029 /* Step.swift */; };
		193887A82C1E198800CF2029 /* Ingredient.swift in Sources */ = {isa = PBXBuildFile; fileRef = 193887A72C1E198800CF2029 /* Ingredient.swift */; };
		193887AA2C1E199600CF2029 /* Equipment.swift in Sources */ = {isa = PBXBuildFile; fileRef = 193887A92C1E199600CF2029 /* Equipment.swift */; };
		193887AC2C1E19E900CF2029 /* Repository.swift in Sources */ = {isa = PBXBuildFile; fileRef = 193887AB2C1E19E900CF2029 /* Repository.swift */; };
		193887AE2C1E1AA400CF2029 /* RecipesFetcher.swift in Sources */ = {isa = PBXBuildFile; fileRef = 193887AD2C1E1AA100CF2029 /* RecipesFetcher.swift */; };
		193887B02C1E1ABD00CF2029 /* RemoteRecipesFetcher.swift in Sources */ = {isa = PBXBuildFile; fileRef = 193887AF2C1E1ABA00CF2029 /* RemoteRecipesFetcher.swift */; };
		193887B22C1E1CAD00CF2029 /* SearchRecipesView.swift in Sources */ = {isa = PBXBuildFile; fileRef = 193887B12C1E1CAA00CF2029 /* SearchRecipesView.swift */; };
		193887B42C1E24AE00CF2029 /* MockRecipesFetcher.swift in Sources */ = {isa = PBXBuildFile; fileRef = 193887B32C1E249800CF2029 /* MockRecipesFetcher.swift */; };
		193887B62C1E254100CF2029 /* SearchRecipesViewModel.swift in Sources */ = {isa = PBXBuildFile; fileRef = 193887B52C1E253F00CF2029 /* SearchRecipesViewModel.swift */; };
/* End PBXBuildFile section */

/* Begin PBXContainerItemProxy section */
		19268D352C1E07560014E23E /* PBXContainerItemProxy */ = {
			isa = PBXContainerItemProxy;
			containerPortal = 19268D1A2C1E07550014E23E /* Project object */;
			proxyType = 1;
			remoteGlobalIDString = 19268D212C1E07550014E23E;
			remoteInfo = LudushRecipes;
		};
		19268D3F2C1E07560014E23E /* PBXContainerItemProxy */ = {
			isa = PBXContainerItemProxy;
			containerPortal = 19268D1A2C1E07550014E23E /* Project object */;
			proxyType = 1;
			remoteGlobalIDString = 19268D212C1E07550014E23E;
			remoteInfo = LudushRecipes;
		};
/* End PBXContainerItemProxy section */

/* Begin PBXFileReference section */
		19268D222C1E07550014E23E /* LudushRecipes.app */ = {isa = PBXFileReference; explicitFileType = wrapper.application; includeInIndex = 0; path = LudushRecipes.app; sourceTree = BUILT_PRODUCTS_DIR; };
		19268D252C1E07550014E23E /* LudushRecipesApp.swift */ = {isa = PBXFileReference; lastKnownFileType = sourcecode.swift; path = LudushRecipesApp.swift; sourceTree = "<group>"; };
		19268D2B2C1E07560014E23E /* Assets.xcassets */ = {isa = PBXFileReference; lastKnownFileType = folder.assetcatalog; path = Assets.xcassets; sourceTree = "<group>"; };
		19268D2E2C1E07560014E23E /* Preview Assets.xcassets */ = {isa = PBXFileReference; lastKnownFileType = folder.assetcatalog; path = "Preview Assets.xcassets"; sourceTree = "<group>"; };
		19268D342C1E07560014E23E /* LudushRecipesTests.xctest */ = {isa = PBXFileReference; explicitFileType = wrapper.cfbundle; includeInIndex = 0; path = LudushRecipesTests.xctest; sourceTree = BUILT_PRODUCTS_DIR; };
		19268D382C1E07560014E23E /* LudushRecipesTests.swift */ = {isa = PBXFileReference; lastKnownFileType = sourcecode.swift; path = LudushRecipesTests.swift; sourceTree = "<group>"; };
		19268D3E2C1E07560014E23E /* LudushRecipesUITests.xctest */ = {isa = PBXFileReference; explicitFileType = wrapper.cfbundle; includeInIndex = 0; path = LudushRecipesUITests.xctest; sourceTree = BUILT_PRODUCTS_DIR; };
		19268D422C1E07560014E23E /* LudushRecipesUITests.swift */ = {isa = PBXFileReference; lastKnownFileType = sourcecode.swift; path = LudushRecipesUITests.swift; sourceTree = "<group>"; };
		19268D442C1E07560014E23E /* LudushRecipesUITestsLaunchTests.swift */ = {isa = PBXFileReference; lastKnownFileType = sourcecode.swift; path = LudushRecipesUITestsLaunchTests.swift; sourceTree = "<group>"; };
		1938878A2C1E163300CF2029 /* EndPoints.swift */ = {isa = PBXFileReference; lastKnownFileType = sourcecode.swift; path = EndPoints.swift; sourceTree = "<group>"; };
		1938878B2C1E163300CF2029 /* HTTPMethod.swift */ = {isa = PBXFileReference; lastKnownFileType = sourcecode.swift; path = HTTPMethod.swift; sourceTree = "<group>"; };
		1938878C2C1E163300CF2029 /* NetworkError.swift */ = {isa = PBXFileReference; lastKnownFileType = sourcecode.swift; path = NetworkError.swift; sourceTree = "<group>"; };
		1938878D2C1E163300CF2029 /* NetworkHost.swift */ = {isa = PBXFileReference; lastKnownFileType = sourcecode.swift; path = NetworkHost.swift; sourceTree = "<group>"; };
		1938878E2C1E163300CF2029 /* NetworkScheme.swift */ = {isa = PBXFileReference; lastKnownFileType = sourcecode.swift; path = NetworkScheme.swift; sourceTree = "<group>"; };
		1938878F2C1E163300CF2029 /* QueryParameter.swift */ = {isa = PBXFileReference; lastKnownFileType = sourcecode.swift; path = QueryParameter.swift; sourceTree = "<group>"; };
		193887902C1E163300CF2029 /* QueryValue.swift */ = {isa = PBXFileReference; lastKnownFileType = sourcecode.swift; path = QueryValue.swift; sourceTree = "<group>"; };
		1938879E2C1E183900CF2029 /* Recipe.swift */ = {isa = PBXFileReference; lastKnownFileType = sourcecode.swift; path = Recipe.swift; sourceTree = "<group>"; };
		193887A02C1E18DB00CF2029 /* AnalyzedInstruction.swift */ = {isa = PBXFileReference; lastKnownFileType = sourcecode.swift; path = AnalyzedInstruction.swift; sourceTree = "<group>"; };
		193887A32C1E194A00CF2029 /* Nutrition.swift */ = {isa = PBXFileReference; lastKnownFileType = sourcecode.swift; path = Nutrition.swift; sourceTree = "<group>"; };
		193887A52C1E197A00CF2029 /* Step.swift */ = {isa = PBXFileReference; lastKnownFileType = sourcecode.swift; path = Step.swift; sourceTree = "<group>"; };
		193887A72C1E198800CF2029 /* Ingredient.swift */ = {isa = PBXFileReference; lastKnownFileType = sourcecode.swift; path = Ingredient.swift; sourceTree = "<group>"; };
		193887A92C1E199600CF2029 /* Equipment.swift */ = {isa = PBXFileReference; lastKnownFileType = sourcecode.swift; path = Equipment.swift; sourceTree = "<group>"; };
		193887AB2C1E19E900CF2029 /* Repository.swift */ = {isa = PBXFileReference; lastKnownFileType = sourcecode.swift; path = Repository.swift; sourceTree = "<group>"; };
		193887AD2C1E1AA100CF2029 /* RecipesFetcher.swift */ = {isa = PBXFileReference; lastKnownFileType = sourcecode.swift; path = RecipesFetcher.swift; sourceTree = "<group>"; };
		193887AF2C1E1ABA00CF2029 /* RemoteRecipesFetcher.swift */ = {isa = PBXFileReference; lastKnownFileType = sourcecode.swift; path = RemoteRecipesFetcher.swift; sourceTree = "<group>"; };
		193887B12C1E1CAA00CF2029 /* SearchRecipesView.swift */ = {isa = PBXFileReference; lastKnownFileType = sourcecode.swift; path = SearchRecipesView.swift; sourceTree = "<group>"; };
		193887B32C1E249800CF2029 /* MockRecipesFetcher.swift */ = {isa = PBXFileReference; lastKnownFileType = sourcecode.swift; path = MockRecipesFetcher.swift; sourceTree = "<group>"; };
		193887B52C1E253F00CF2029 /* SearchRecipesViewModel.swift */ = {isa = PBXFileReference; lastKnownFileType = sourcecode.swift; path = SearchRecipesViewModel.swift; sourceTree = "<group>"; };
/* End PBXFileReference section */

/* Begin PBXFrameworksBuildPhase section */
		19268D1F2C1E07550014E23E /* Frameworks */ = {
			isa = PBXFrameworksBuildPhase;
			buildActionMask = 2147483647;
			files = (
				1938879B2C1E16D200CF2029 /* Alamofire in Frameworks */,
			);
			runOnlyForDeploymentPostprocessing = 0;
		};
		19268D312C1E07560014E23E /* Frameworks */ = {
			isa = PBXFrameworksBuildPhase;
			buildActionMask = 2147483647;
			files = (
			);
			runOnlyForDeploymentPostprocessing = 0;
		};
		19268D3B2C1E07560014E23E /* Frameworks */ = {
			isa = PBXFrameworksBuildPhase;
			buildActionMask = 2147483647;
			files = (
			);
			runOnlyForDeploymentPostprocessing = 0;
		};
/* End PBXFrameworksBuildPhase section */

/* Begin PBXGroup section */
		19268D192C1E07550014E23E = {
			isa = PBXGroup;
			children = (
				19268D242C1E07550014E23E /* LudushRecipes */,
				19268D372C1E07560014E23E /* LudushRecipesTests */,
				19268D412C1E07560014E23E /* LudushRecipesUITests */,
				19268D232C1E07550014E23E /* Products */,
			);
			sourceTree = "<group>";
		};
		19268D232C1E07550014E23E /* Products */ = {
			isa = PBXGroup;
			children = (
				19268D222C1E07550014E23E /* LudushRecipes.app */,
				19268D342C1E07560014E23E /* LudushRecipesTests.xctest */,
				19268D3E2C1E07560014E23E /* LudushRecipesUITests.xctest */,
			);
			name = Products;
			sourceTree = "<group>";
		};
		19268D242C1E07550014E23E /* LudushRecipes */ = {
			isa = PBXGroup;
			children = (
				1938879C2C1E170F00CF2029 /* Application */,
				193887872C1E15D800CF2029 /* PresentationLayer */,
				193887882C1E15E600CF2029 /* DomainLayer */,
				193887892C1E15EF00CF2029 /* DataLayer */,
				19268D2B2C1E07560014E23E /* Assets.xcassets */,
				19268D2D2C1E07560014E23E /* Preview Content */,
			);
			path = LudushRecipes;
			sourceTree = "<group>";
		};
		19268D2D2C1E07560014E23E /* Preview Content */ = {
			isa = PBXGroup;
			children = (
				19268D2E2C1E07560014E23E /* Preview Assets.xcassets */,
			);
			path = "Preview Content";
			sourceTree = "<group>";
		};
		19268D372C1E07560014E23E /* LudushRecipesTests */ = {
			isa = PBXGroup;
			children = (
				19268D382C1E07560014E23E /* LudushRecipesTests.swift */,
			);
			path = LudushRecipesTests;
			sourceTree = "<group>";
		};
		19268D412C1E07560014E23E /* LudushRecipesUITests */ = {
			isa = PBXGroup;
			children = (
				19268D422C1E07560014E23E /* LudushRecipesUITests.swift */,
				19268D442C1E07560014E23E /* LudushRecipesUITestsLaunchTests.swift */,
			);
			path = LudushRecipesUITests;
			sourceTree = "<group>";
		};
		193887872C1E15D800CF2029 /* PresentationLayer */ = {
			isa = PBXGroup;
			children = (
				193887B12C1E1CAA00CF2029 /* SearchRecipesView.swift */,
				193887B52C1E253F00CF2029 /* SearchRecipesViewModel.swift */,
			);
			path = PresentationLayer;
			sourceTree = "<group>";
		};
		193887882C1E15E600CF2029 /* DomainLayer */ = {
			isa = PBXGroup;
			children = (
				1938879D2C1E17E700CF2029 /* Models */,
				193887AB2C1E19E900CF2029 /* Repository.swift */,
			);
			path = DomainLayer;
			sourceTree = "<group>";
		};
		193887892C1E15EF00CF2029 /* DataLayer */ = {
			isa = PBXGroup;
			children = (
				193887B32C1E249800CF2029 /* MockRecipesFetcher.swift */,
				193887AF2C1E1ABA00CF2029 /* RemoteRecipesFetcher.swift */,
				193887AD2C1E1AA100CF2029 /* RecipesFetcher.swift */,
				193887912C1E163300CF2029 /* Networking */,
			);
			path = DataLayer;
			sourceTree = "<group>";
		};
		193887912C1E163300CF2029 /* Networking */ = {
			isa = PBXGroup;
			children = (
				1938878A2C1E163300CF2029 /* EndPoints.swift */,
				1938878B2C1E163300CF2029 /* HTTPMethod.swift */,
				1938878C2C1E163300CF2029 /* NetworkError.swift */,
				1938878D2C1E163300CF2029 /* NetworkHost.swift */,
				1938878E2C1E163300CF2029 /* NetworkScheme.swift */,
				1938878F2C1E163300CF2029 /* QueryParameter.swift */,
				193887902C1E163300CF2029 /* QueryValue.swift */,
			);
			path = Networking;
			sourceTree = "<group>";
		};
		1938879C2C1E170F00CF2029 /* Application */ = {
			isa = PBXGroup;
			children = (
				19268D252C1E07550014E23E /* LudushRecipesApp.swift */,
			);
			path = Application;
			sourceTree = "<group>";
		};
		1938879D2C1E17E700CF2029 /* Models */ = {
			isa = PBXGroup;
			children = (
				193887A02C1E18DB00CF2029 /* AnalyzedInstruction.swift */,
				193887A52C1E197A00CF2029 /* Step.swift */,
				193887A72C1E198800CF2029 /* Ingredient.swift */,
				193887A92C1E199600CF2029 /* Equipment.swift */,
				1938879E2C1E183900CF2029 /* Recipe.swift */,
				193887A32C1E194A00CF2029 /* Nutrition.swift */,
			);
			path = Models;
			sourceTree = "<group>";
		};
/* End PBXGroup section */

/* Begin PBXNativeTarget section */
		19268D212C1E07550014E23E /* LudushRecipes */ = {
			isa = PBXNativeTarget;
			buildConfigurationList = 19268D482C1E07560014E23E /* Build configuration list for PBXNativeTarget "LudushRecipes" */;
			buildPhases = (
				19268D1E2C1E07550014E23E /* Sources */,
				19268D1F2C1E07550014E23E /* Frameworks */,
				19268D202C1E07550014E23E /* Resources */,
			);
			buildRules = (
			);
			dependencies = (
			);
			name = LudushRecipes;
			packageProductDependencies = (
				1938879A2C1E16D200CF2029 /* Alamofire */,
			);
			productName = LudushRecipes;
			productReference = 19268D222C1E07550014E23E /* LudushRecipes.app */;
			productType = "com.apple.product-type.application";
		};
		19268D332C1E07560014E23E /* LudushRecipesTests */ = {
			isa = PBXNativeTarget;
			buildConfigurationList = 19268D4B2C1E07560014E23E /* Build configuration list for PBXNativeTarget "LudushRecipesTests" */;
			buildPhases = (
				19268D302C1E07560014E23E /* Sources */,
				19268D312C1E07560014E23E /* Frameworks */,
				19268D322C1E07560014E23E /* Resources */,
			);
			buildRules = (
			);
			dependencies = (
				19268D362C1E07560014E23E /* PBXTargetDependency */,
			);
			name = LudushRecipesTests;
			productName = LudushRecipesTests;
			productReference = 19268D342C1E07560014E23E /* LudushRecipesTests.xctest */;
			productType = "com.apple.product-type.bundle.unit-test";
		};
		19268D3D2C1E07560014E23E /* LudushRecipesUITests */ = {
			isa = PBXNativeTarget;
			buildConfigurationList = 19268D4E2C1E07560014E23E /* Build configuration list for PBXNativeTarget "LudushRecipesUITests" */;
			buildPhases = (
				19268D3A2C1E07560014E23E /* Sources */,
				19268D3B2C1E07560014E23E /* Frameworks */,
				19268D3C2C1E07560014E23E /* Resources */,
			);
			buildRules = (
			);
			dependencies = (
				19268D402C1E07560014E23E /* PBXTargetDependency */,
			);
			name = LudushRecipesUITests;
			productName = LudushRecipesUITests;
			productReference = 19268D3E2C1E07560014E23E /* LudushRecipesUITests.xctest */;
			productType = "com.apple.product-type.bundle.ui-testing";
		};
/* End PBXNativeTarget section */

/* Begin PBXProject section */
		19268D1A2C1E07550014E23E /* Project object */ = {
			isa = PBXProject;
			attributes = {
				BuildIndependentTargetsInParallel = 1;
				LastSwiftUpdateCheck = 1600;
				LastUpgradeCheck = 1600;
				TargetAttributes = {
					19268D212C1E07550014E23E = {
						CreatedOnToolsVersion = 16.0;
					};
					19268D332C1E07560014E23E = {
						CreatedOnToolsVersion = 16.0;
						TestTargetID = 19268D212C1E07550014E23E;
					};
					19268D3D2C1E07560014E23E = {
						CreatedOnToolsVersion = 16.0;
						TestTargetID = 19268D212C1E07550014E23E;
					};
				};
			};
			buildConfigurationList = 19268D1D2C1E07550014E23E /* Build configuration list for PBXProject "LudushRecipes" */;
			compatibilityVersion = "Xcode 15.0";
			developmentRegion = en;
			hasScannedForEncodings = 0;
			knownRegions = (
				en,
				Base,
			);
			mainGroup = 19268D192C1E07550014E23E;
			packageReferences = (
				193887992C1E16D200CF2029 /* XCRemoteSwiftPackageReference "Alamofire" */,
			);
			productRefGroup = 19268D232C1E07550014E23E /* Products */;
			projectDirPath = "";
			projectRoot = "";
			targets = (
				19268D212C1E07550014E23E /* LudushRecipes */,
				19268D332C1E07560014E23E /* LudushRecipesTests */,
				19268D3D2C1E07560014E23E /* LudushRecipesUITests */,
			);
		};
/* End PBXProject section */

/* Begin PBXResourcesBuildPhase section */
		19268D202C1E07550014E23E /* Resources */ = {
			isa = PBXResourcesBuildPhase;
			buildActionMask = 2147483647;
			files = (
				19268D2F2C1E07560014E23E /* Preview Assets.xcassets in Resources */,
				19268D2C2C1E07560014E23E /* Assets.xcassets in Resources */,
			);
			runOnlyForDeploymentPostprocessing = 0;
		};
		19268D322C1E07560014E23E /* Resources */ = {
			isa = PBXResourcesBuildPhase;
			buildActionMask = 2147483647;
			files = (
			);
			runOnlyForDeploymentPostprocessing = 0;
		};
		19268D3C2C1E07560014E23E /* Resources */ = {
			isa = PBXResourcesBuildPhase;
			buildActionMask = 2147483647;
			files = (
			);
			runOnlyForDeploymentPostprocessing = 0;
		};
/* End PBXResourcesBuildPhase section */

/* Begin PBXSourcesBuildPhase section */
		19268D1E2C1E07550014E23E /* Sources */ = {
			isa = PBXSourcesBuildPhase;
			buildActionMask = 2147483647;
			files = (
				193887B62C1E254100CF2029 /* SearchRecipesViewModel.swift in Sources */,
				193887922C1E163300CF2029 /* NetworkHost.swift in Sources */,
				193887A82C1E198800CF2029 /* Ingredient.swift in Sources */,
				193887AC2C1E19E900CF2029 /* Repository.swift in Sources */,
				193887932C1E163300CF2029 /* QueryParameter.swift in Sources */,
				193887942C1E163300CF2029 /* NetworkError.swift in Sources */,
				1938879F2C1E183D00CF2029 /* Recipe.swift in Sources */,
				193887952C1E163300CF2029 /* HTTPMethod.swift in Sources */,
				193887A62C1E197A00CF2029 /* Step.swift in Sources */,
				193887A42C1E194A00CF2029 /* Nutrition.swift in Sources */,
				193887962C1E163300CF2029 /* EndPoints.swift in Sources */,
				193887A12C1E18DF00CF2029 /* AnalyzedInstruction.swift in Sources */,
				193887B02C1E1ABD00CF2029 /* RemoteRecipesFetcher.swift in Sources */,
				193887AE2C1E1AA400CF2029 /* RecipesFetcher.swift in Sources */,
				193887972C1E163300CF2029 /* QueryValue.swift in Sources */,
				193887B22C1E1CAD00CF2029 /* SearchRecipesView.swift in Sources */,
				193887982C1E163300CF2029 /* NetworkScheme.swift in Sources */,
				193887AA2C1E199600CF2029 /* Equipment.swift in Sources */,
				193887B42C1E24AE00CF2029 /* MockRecipesFetcher.swift in Sources */,
				19268D262C1E07550014E23E /* LudushRecipesApp.swift in Sources */,
			);
			runOnlyForDeploymentPostprocessing = 0;
		};
		19268D302C1E07560014E23E /* Sources */ = {
			isa = PBXSourcesBuildPhase;
			buildActionMask = 2147483647;
			files = (
				19268D392C1E07560014E23E /* LudushRecipesTests.swift in Sources */,
			);
			runOnlyForDeploymentPostprocessing = 0;
		};
		19268D3A2C1E07560014E23E /* Sources */ = {
			isa = PBXSourcesBuildPhase;
			buildActionMask = 2147483647;
			files = (
				19268D432C1E07560014E23E /* LudushRecipesUITests.swift in Sources */,
				19268D452C1E07560014E23E /* LudushRecipesUITestsLaunchTests.swift in Sources */,
			);
			runOnlyForDeploymentPostprocessing = 0;
		};
/* End PBXSourcesBuildPhase section */

/* Begin PBXTargetDependency section */
		19268D362C1E07560014E23E /* PBXTargetDependency */ = {
			isa = PBXTargetDependency;
			target = 19268D212C1E07550014E23E /* LudushRecipes */;
			targetProxy = 19268D352C1E07560014E23E /* PBXContainerItemProxy */;
		};
		19268D402C1E07560014E23E /* PBXTargetDependency */ = {
			isa = PBXTargetDependency;
			target = 19268D212C1E07550014E23E /* LudushRecipes */;
			targetProxy = 19268D3F2C1E07560014E23E /* PBXContainerItemProxy */;
		};
/* End PBXTargetDependency section */

/* Begin XCBuildConfiguration section */
		19268D462C1E07560014E23E /* Debug */ = {
			isa = XCBuildConfiguration;
			buildSettings = {
				ALWAYS_SEARCH_USER_PATHS = NO;
				ASSETCATALOG_COMPILER_GENERATE_SWIFT_ASSET_SYMBOL_EXTENSIONS = YES;
				CLANG_ANALYZER_NONNULL = YES;
				CLANG_ANALYZER_NUMBER_OBJECT_CONVERSION = YES_AGGRESSIVE;
				CLANG_CXX_LANGUAGE_STANDARD = "gnu++20";
				CLANG_ENABLE_MODULES = YES;
				CLANG_ENABLE_OBJC_ARC = YES;
				CLANG_ENABLE_OBJC_WEAK = YES;
				CLANG_WARN_BLOCK_CAPTURE_AUTORELEASING = YES;
				CLANG_WARN_BOOL_CONVERSION = YES;
				CLANG_WARN_COMMA = YES;
				CLANG_WARN_CONSTANT_CONVERSION = YES;
				CLANG_WARN_DEPRECATED_OBJC_IMPLEMENTATIONS = YES;
				CLANG_WARN_DIRECT_OBJC_ISA_USAGE = YES_ERROR;
				CLANG_WARN_DOCUMENTATION_COMMENTS = YES;
				CLANG_WARN_EMPTY_BODY = YES;
				CLANG_WARN_ENUM_CONVERSION = YES;
				CLANG_WARN_INFINITE_RECURSION = YES;
				CLANG_WARN_INT_CONVERSION = YES;
				CLANG_WARN_NON_LITERAL_NULL_CONVERSION = YES;
				CLANG_WARN_OBJC_IMPLICIT_RETAIN_SELF = YES;
				CLANG_WARN_OBJC_LITERAL_CONVERSION = YES;
				CLANG_WARN_OBJC_ROOT_CLASS = YES_ERROR;
				CLANG_WARN_QUOTED_INCLUDE_IN_FRAMEWORK_HEADER = YES;
				CLANG_WARN_RANGE_LOOP_ANALYSIS = YES;
				CLANG_WARN_STRICT_PROTOTYPES = YES;
				CLANG_WARN_SUSPICIOUS_MOVE = YES;
				CLANG_WARN_UNGUARDED_AVAILABILITY = YES_AGGRESSIVE;
				CLANG_WARN_UNREACHABLE_CODE = YES;
				CLANG_WARN__DUPLICATE_METHOD_MATCH = YES;
				COPY_PHASE_STRIP = NO;
				DEBUG_INFORMATION_FORMAT = dwarf;
				ENABLE_STRICT_OBJC_MSGSEND = YES;
				ENABLE_TESTABILITY = YES;
				ENABLE_USER_SCRIPT_SANDBOXING = YES;
				GCC_C_LANGUAGE_STANDARD = gnu17;
				GCC_DYNAMIC_NO_PIC = NO;
				GCC_NO_COMMON_BLOCKS = YES;
				GCC_OPTIMIZATION_LEVEL = 0;
				GCC_PREPROCESSOR_DEFINITIONS = (
					"DEBUG=1",
					"$(inherited)",
				);
				GCC_WARN_64_TO_32_BIT_CONVERSION = YES;
				GCC_WARN_ABOUT_RETURN_TYPE = YES_ERROR;
				GCC_WARN_UNDECLARED_SELECTOR = YES;
				GCC_WARN_UNINITIALIZED_AUTOS = YES_AGGRESSIVE;
				GCC_WARN_UNUSED_FUNCTION = YES;
				GCC_WARN_UNUSED_VARIABLE = YES;
				IPHONEOS_DEPLOYMENT_TARGET = 18.0;
				LOCALIZATION_PREFERS_STRING_CATALOGS = YES;
				MTL_ENABLE_DEBUG_INFO = INCLUDE_SOURCE;
				MTL_FAST_MATH = YES;
				ONLY_ACTIVE_ARCH = YES;
				SDKROOT = iphoneos;
				SWIFT_ACTIVE_COMPILATION_CONDITIONS = "DEBUG $(inherited)";
				SWIFT_OPTIMIZATION_LEVEL = "-Onone";
			};
			name = Debug;
		};
		19268D472C1E07560014E23E /* Release */ = {
			isa = XCBuildConfiguration;
			buildSettings = {
				ALWAYS_SEARCH_USER_PATHS = NO;
				ASSETCATALOG_COMPILER_GENERATE_SWIFT_ASSET_SYMBOL_EXTENSIONS = YES;
				CLANG_ANALYZER_NONNULL = YES;
				CLANG_ANALYZER_NUMBER_OBJECT_CONVERSION = YES_AGGRESSIVE;
				CLANG_CXX_LANGUAGE_STANDARD = "gnu++20";
				CLANG_ENABLE_MODULES = YES;
				CLANG_ENABLE_OBJC_ARC = YES;
				CLANG_ENABLE_OBJC_WEAK = YES;
				CLANG_WARN_BLOCK_CAPTURE_AUTORELEASING = YES;
				CLANG_WARN_BOOL_CONVERSION = YES;
				CLANG_WARN_COMMA = YES;
				CLANG_WARN_CONSTANT_CONVERSION = YES;
				CLANG_WARN_DEPRECATED_OBJC_IMPLEMENTATIONS = YES;
				CLANG_WARN_DIRECT_OBJC_ISA_USAGE = YES_ERROR;
				CLANG_WARN_DOCUMENTATION_COMMENTS = YES;
				CLANG_WARN_EMPTY_BODY = YES;
				CLANG_WARN_ENUM_CONVERSION = YES;
				CLANG_WARN_INFINITE_RECURSION = YES;
				CLANG_WARN_INT_CONVERSION = YES;
				CLANG_WARN_NON_LITERAL_NULL_CONVERSION = YES;
				CLANG_WARN_OBJC_IMPLICIT_RETAIN_SELF = YES;
				CLANG_WARN_OBJC_LITERAL_CONVERSION = YES;
				CLANG_WARN_OBJC_ROOT_CLASS = YES_ERROR;
				CLANG_WARN_QUOTED_INCLUDE_IN_FRAMEWORK_HEADER = YES;
				CLANG_WARN_RANGE_LOOP_ANALYSIS = YES;
				CLANG_WARN_STRICT_PROTOTYPES = YES;
				CLANG_WARN_SUSPICIOUS_MOVE = YES;
				CLANG_WARN_UNGUARDED_AVAILABILITY = YES_AGGRESSIVE;
				CLANG_WARN_UNREACHABLE_CODE = YES;
				CLANG_WARN__DUPLICATE_METHOD_MATCH = YES;
				COPY_PHASE_STRIP = NO;
				DEBUG_INFORMATION_FORMAT = "dwarf-with-dsym";
				ENABLE_NS_ASSERTIONS = NO;
				ENABLE_STRICT_OBJC_MSGSEND = YES;
				ENABLE_USER_SCRIPT_SANDBOXING = YES;
				GCC_C_LANGUAGE_STANDARD = gnu17;
				GCC_NO_COMMON_BLOCKS = YES;
				GCC_WARN_64_TO_32_BIT_CONVERSION = YES;
				GCC_WARN_ABOUT_RETURN_TYPE = YES_ERROR;
				GCC_WARN_UNDECLARED_SELECTOR = YES;
				GCC_WARN_UNINITIALIZED_AUTOS = YES_AGGRESSIVE;
				GCC_WARN_UNUSED_FUNCTION = YES;
				GCC_WARN_UNUSED_VARIABLE = YES;
				IPHONEOS_DEPLOYMENT_TARGET = 18.0;
				LOCALIZATION_PREFERS_STRING_CATALOGS = YES;
				MTL_ENABLE_DEBUG_INFO = NO;
				MTL_FAST_MATH = YES;
				SDKROOT = iphoneos;
				SWIFT_COMPILATION_MODE = wholemodule;
				VALIDATE_PRODUCT = YES;
			};
			name = Release;
		};
		19268D492C1E07560014E23E /* Debug */ = {
			isa = XCBuildConfiguration;
			buildSettings = {
				ASSETCATALOG_COMPILER_APPICON_NAME = AppIcon;
				ASSETCATALOG_COMPILER_GLOBAL_ACCENT_COLOR_NAME = AccentColor;
				CODE_SIGN_STYLE = Automatic;
				CURRENT_PROJECT_VERSION = 1;
				DEVELOPMENT_ASSET_PATHS = "\"LudushRecipes/Preview Content\"";
				DEVELOPMENT_TEAM = Z77WM6M6K5;
				ENABLE_PREVIEWS = YES;
				GENERATE_INFOPLIST_FILE = YES;
				INFOPLIST_KEY_UIApplicationSceneManifest_Generation = YES;
				INFOPLIST_KEY_UIApplicationSupportsIndirectInputEvents = YES;
				INFOPLIST_KEY_UILaunchScreen_Generation = YES;
				INFOPLIST_KEY_UISupportedInterfaceOrientations_iPad = "UIInterfaceOrientationPortrait UIInterfaceOrientationPortraitUpsideDown UIInterfaceOrientationLandscapeLeft UIInterfaceOrientationLandscapeRight";
				INFOPLIST_KEY_UISupportedInterfaceOrientations_iPhone = "UIInterfaceOrientationPortrait UIInterfaceOrientationLandscapeLeft UIInterfaceOrientationLandscapeRight";
				LD_RUNPATH_SEARCH_PATHS = (
					"$(inherited)",
					"@executable_path/Frameworks",
				);
				MARKETING_VERSION = 1.0;
				PRODUCT_BUNDLE_IDENTIFIER = com.LudaFux.LudushRecipes;
				PRODUCT_NAME = "$(TARGET_NAME)";
				SWIFT_EMIT_LOC_STRINGS = YES;
				SWIFT_VERSION = 5.0;
				TARGETED_DEVICE_FAMILY = "1,2";
			};
			name = Debug;
		};
		19268D4A2C1E07560014E23E /* Release */ = {
			isa = XCBuildConfiguration;
			buildSettings = {
				ASSETCATALOG_COMPILER_APPICON_NAME = AppIcon;
				ASSETCATALOG_COMPILER_GLOBAL_ACCENT_COLOR_NAME = AccentColor;
				CODE_SIGN_STYLE = Automatic;
				CURRENT_PROJECT_VERSION = 1;
				DEVELOPMENT_ASSET_PATHS = "\"LudushRecipes/Preview Content\"";
				DEVELOPMENT_TEAM = Z77WM6M6K5;
				ENABLE_PREVIEWS = YES;
				GENERATE_INFOPLIST_FILE = YES;
				INFOPLIST_KEY_UIApplicationSceneManifest_Generation = YES;
				INFOPLIST_KEY_UIApplicationSupportsIndirectInputEvents = YES;
				INFOPLIST_KEY_UILaunchScreen_Generation = YES;
				INFOPLIST_KEY_UISupportedInterfaceOrientations_iPad = "UIInterfaceOrientationPortrait UIInterfaceOrientationPortraitUpsideDown UIInterfaceOrientationLandscapeLeft UIInterfaceOrientationLandscapeRight";
				INFOPLIST_KEY_UISupportedInterfaceOrientations_iPhone = "UIInterfaceOrientationPortrait UIInterfaceOrientationLandscapeLeft UIInterfaceOrientationLandscapeRight";
				LD_RUNPATH_SEARCH_PATHS = (
					"$(inherited)",
					"@executable_path/Frameworks",
				);
				MARKETING_VERSION = 1.0;
				PRODUCT_BUNDLE_IDENTIFIER = com.LudaFux.LudushRecipes;
				PRODUCT_NAME = "$(TARGET_NAME)";
				SWIFT_EMIT_LOC_STRINGS = YES;
				SWIFT_VERSION = 5.0;
				TARGETED_DEVICE_FAMILY = "1,2";
			};
			name = Release;
		};
		19268D4C2C1E07560014E23E /* Debug */ = {
			isa = XCBuildConfiguration;
			buildSettings = {
				BUNDLE_LOADER = "$(TEST_HOST)";
				CODE_SIGN_STYLE = Automatic;
				CURRENT_PROJECT_VERSION = 1;
				DEVELOPMENT_TEAM = Z77WM6M6K5;
				GENERATE_INFOPLIST_FILE = YES;
				IPHONEOS_DEPLOYMENT_TARGET = 18.0;
				MARKETING_VERSION = 1.0;
				PRODUCT_BUNDLE_IDENTIFIER = com.LudaFux.LudushRecipesTests;
				PRODUCT_NAME = "$(TARGET_NAME)";
				SWIFT_EMIT_LOC_STRINGS = NO;
				SWIFT_VERSION = 5.0;
				TARGETED_DEVICE_FAMILY = "1,2";
				TEST_HOST = "$(BUILT_PRODUCTS_DIR)/LudushRecipes.app/$(BUNDLE_EXECUTABLE_FOLDER_PATH)/LudushRecipes";
			};
			name = Debug;
		};
		19268D4D2C1E07560014E23E /* Release */ = {
			isa = XCBuildConfiguration;
			buildSettings = {
				BUNDLE_LOADER = "$(TEST_HOST)";
				CODE_SIGN_STYLE = Automatic;
				CURRENT_PROJECT_VERSION = 1;
				DEVELOPMENT_TEAM = Z77WM6M6K5;
				GENERATE_INFOPLIST_FILE = YES;
				IPHONEOS_DEPLOYMENT_TARGET = 18.0;
				MARKETING_VERSION = 1.0;
				PRODUCT_BUNDLE_IDENTIFIER = com.LudaFux.LudushRecipesTests;
				PRODUCT_NAME = "$(TARGET_NAME)";
				SWIFT_EMIT_LOC_STRINGS = NO;
				SWIFT_VERSION = 5.0;
				TARGETED_DEVICE_FAMILY = "1,2";
				TEST_HOST = "$(BUILT_PRODUCTS_DIR)/LudushRecipes.app/$(BUNDLE_EXECUTABLE_FOLDER_PATH)/LudushRecipes";
			};
			name = Release;
		};
		19268D4F2C1E07560014E23E /* Debug */ = {
			isa = XCBuildConfiguration;
			buildSettings = {
				CODE_SIGN_STYLE = Automatic;
				CURRENT_PROJECT_VERSION = 1;
				DEVELOPMENT_TEAM = Z77WM6M6K5;
				GENERATE_INFOPLIST_FILE = YES;
				MARKETING_VERSION = 1.0;
				PRODUCT_BUNDLE_IDENTIFIER = com.LudaFux.LudushRecipesUITests;
				PRODUCT_NAME = "$(TARGET_NAME)";
				SWIFT_EMIT_LOC_STRINGS = NO;
				SWIFT_VERSION = 5.0;
				TARGETED_DEVICE_FAMILY = "1,2";
				TEST_TARGET_NAME = LudushRecipes;
			};
			name = Debug;
		};
		19268D502C1E07560014E23E /* Release */ = {
			isa = XCBuildConfiguration;
			buildSettings = {
				CODE_SIGN_STYLE = Automatic;
				CURRENT_PROJECT_VERSION = 1;
				DEVELOPMENT_TEAM = Z77WM6M6K5;
				GENERATE_INFOPLIST_FILE = YES;
				MARKETING_VERSION = 1.0;
				PRODUCT_BUNDLE_IDENTIFIER = com.LudaFux.LudushRecipesUITests;
				PRODUCT_NAME = "$(TARGET_NAME)";
				SWIFT_EMIT_LOC_STRINGS = NO;
				SWIFT_VERSION = 5.0;
				TARGETED_DEVICE_FAMILY = "1,2";
				TEST_TARGET_NAME = LudushRecipes;
			};
			name = Release;
		};
/* End XCBuildConfiguration section */

/* Begin XCConfigurationList section */
		19268D1D2C1E07550014E23E /* Build configuration list for PBXProject "LudushRecipes" */ = {
			isa = XCConfigurationList;
			buildConfigurations = (
				19268D462C1E07560014E23E /* Debug */,
				19268D472C1E07560014E23E /* Release */,
			);
			defaultConfigurationIsVisible = 0;
			defaultConfigurationName = Release;
		};
		19268D482C1E07560014E23E /* Build configuration list for PBXNativeTarget "LudushRecipes" */ = {
			isa = XCConfigurationList;
			buildConfigurations = (
				19268D492C1E07560014E23E /* Debug */,
				19268D4A2C1E07560014E23E /* Release */,
			);
			defaultConfigurationIsVisible = 0;
			defaultConfigurationName = Release;
		};
		19268D4B2C1E07560014E23E /* Build configuration list for PBXNativeTarget "LudushRecipesTests" */ = {
			isa = XCConfigurationList;
			buildConfigurations = (
				19268D4C2C1E07560014E23E /* Debug */,
				19268D4D2C1E07560014E23E /* Release */,
			);
			defaultConfigurationIsVisible = 0;
			defaultConfigurationName = Release;
		};
		19268D4E2C1E07560014E23E /* Build configuration list for PBXNativeTarget "LudushRecipesUITests" */ = {
			isa = XCConfigurationList;
			buildConfigurations = (
				19268D4F2C1E07560014E23E /* Debug */,
				19268D502C1E07560014E23E /* Release */,
			);
			defaultConfigurationIsVisible = 0;
			defaultConfigurationName = Release;
		};
/* End XCConfigurationList section */

/* Begin XCRemoteSwiftPackageReference section */
		193887992C1E16D200CF2029 /* XCRemoteSwiftPackageReference "Alamofire" */ = {
			isa = XCRemoteSwiftPackageReference;
			repositoryURL = "https://github.com/Alamofire/Alamofire";
			requirement = {
				kind = upToNextMajorVersion;
				minimumVersion = 5.9.1;
			};
		};
/* End XCRemoteSwiftPackageReference section */

/* Begin XCSwiftPackageProductDependency section */
		1938879A2C1E16D200CF2029 /* Alamofire */ = {
			isa = XCSwiftPackageProductDependency;
			package = 193887992C1E16D200CF2029 /* XCRemoteSwiftPackageReference "Alamofire" */;
			productName = Alamofire;
		};
/* End XCSwiftPackageProductDependency section */
	};
	rootObject = 19268D1A2C1E07550014E23E /* Project object */;
}
